{
  "name": "emoji-id",
  "version": "1.0.0",
  "lockfileVersion": 2,
  "requires": true,
  "packages": {
    "": {
      "name": "emoji-id",
      "version": "1.0.0",
      "license": "MIT",
      "dependencies": {
        "emoji-json-list": "^1.0.0"
      }
    },
    "node_modules/emoji-json-list": {
      "version": "1.0.0",
      "resolved": "https://registry.npmjs.org/emoji-json-list/-/emoji-json-list-1.0.0.tgz",
      "integrity": "sha512-puMZa3Bn2AOjjZ8C5eaK0u2iy9DjjnchWm0wzdrm1HJpgFhSJ5vVHD0t/XKQbSsfEChG6ry+ZTmab+/toLrntw=="
    }
  },
  "dependencies": {
    "emoji-json-list": {
      "version": "1.0.0",
      "resolved": "https://registry.npmjs.org/emoji-json-list/-/emoji-json-list-1.0.0.tgz",
      "integrity": "sha512-puMZa3Bn2AOjjZ8C5eaK0u2iy9DjjnchWm0wzdrm1HJpgFhSJ5vVHD0t/XKQbSsfEChG6ry+ZTmab+/toLrntw=="
    }
  }
}
